
Microsoft Visual Studio Solution File, Format Version 12.00
# Visual Studio Version 17
VisualStudioVersion = 17.5.002.0
MinimumVisualStudioVersion = 10.0.40219.1
Project("{9A19103F-16F7-4668-BE54-9A1E7A4F7556}") = "Windows Forms Attempt", "Windows Forms Attempt.csproj", "{4E0647E7-D237-42EA-AD69-C2C9B58F0E66}"
EndProject
Global
	GlobalSection(SolutionConfigurationPlatforms) = preSolution
		Debug|Any CPU = Debug|Any CPU
		Release|Any CPU = Release|Any CPU
	EndGlobalSection
	GlobalSection(ProjectConfigurationPlatforms) = postSolution
		{4E0647E7-D237-42EA-AD69-C2C9B58F0E66}.Debug|Any CPU.ActiveCfg = Debug|Any CPU
		{4E0647E7-D237-42EA-AD69-C2C9B58F0E66}.Debug|Any CPU.Build.0 = Debug|Any CPU
		{4E0647E7-D237-42EA-AD69-C2C9B58F0E66}.Release|Any CPU.ActiveCfg = Release|Any CPU
		{4E0647E7-D237-42EA-AD69-C2C9B58F0E66}.Release|Any CPU.Build.0 = Release|Any CPU
	EndGlobalSection
	GlobalSection(SolutionProperties) = preSolution
		HideSolutionNode = FALSE
	EndGlobalSection
	GlobalSection(ExtensibilityGlobals) = postSolution
		SolutionGuid = {AC6C61EF-462D-4C4F-9B30-D0AD58FC3357}
	EndGlobalSection
EndGlobal
